
Microsoft Visual Studio Solution File, Format Version 12.00
# Visual Studio Version 16
VisualStudioVersion = 16.0.30621.155
MinimumVisualStudioVersion = 10.0.40219.1
Project("{FAE04EC0-301F-11D3-BF4B-00C04F79EFBC}") = "Vidly", "Vidly\Vidly.csproj", "{8A7CECBB-71F1-4C5B-B02A-6FEF4456578B}"
EndProject
Global
	GlobalSection(SolutionConfigurationPlatforms) = preSolution
		Debug|Any CPU = Debug|Any CPU
		Release|Any CPU = Release|Any CPU
	EndGlobalSection
	GlobalSection(ProjectConfigurationPlatforms) = postSolution
		{8A7CECBB-71F1-4C5B-B02A-6FEF4456578B}.Debug|Any CPU.ActiveCfg = Debug|Any CPU
		{8A7CECBB-71F1-4C5B-B02A-6FEF4456578B}.Debug|Any CPU.Build.0 = Debug|Any CPU
		{8A7CECBB-71F1-4C5B-B02A-6FEF4456578B}.Release|Any CPU.ActiveCfg = Release|Any CPU
		{8A7CECBB-71F1-4C5B-B02A-6FEF4456578B}.Release|Any CPU.Build.0 = Release|Any CPU
	EndGlobalSection
	GlobalSection(SolutionProperties) = preSolution
		HideSolutionNode = FALSE
	EndGlobalSection
	GlobalSection(ExtensibilityGlobals) = postSolution
		SolutionGuid = {B2BD67E2-F061-4C9F-B700-8ACAA5F6FA30}
	EndGlobalSection
EndGlobal
